
Microsoft Visual Studio Solution File, Format Version 12.00
# Visual Studio Version 17
VisualStudioVersion = 17.0.31903.59
MinimumVisualStudioVersion = 10.0.40219.1
Project("{FAE04EC0-301F-11D3-BF4B-00C04F79EFBC}") = "MiniGame", "MiniGame\MiniGame.csproj", "{04E0294B-078B-4758-9393-B2C48FCE730F}"
EndProject
Project("{FAE04EC0-301F-11D3-BF4B-00C04F79EFBC}") = "GameUnits", "GameUnits\GameUnits.csproj", "{00664C11-DC57-432B-A6EF-677314F3427B}"
EndProject
Project("{FAE04EC0-301F-11D3-BF4B-00C04F79EFBC}") = "Polimorfismo", "Polimorfismo\Polimorfismo.csproj", "{E011080E-65B6-4614-B890-05E5E75E8604}"
EndProject
Project("{FAE04EC0-301F-11D3-BF4B-00C04F79EFBC}") = "ClassVsStruct", "ClassVsStruct\ClassVsStruct.csproj", "{E532628A-A155-4A23-A44E-51EA052A7591}"
EndProject
Global
	GlobalSection(SolutionConfigurationPlatforms) = preSolution
		Debug|Any CPU = Debug|Any CPU
		Release|Any CPU = Release|Any CPU
	EndGlobalSection
	GlobalSection(SolutionProperties) = preSolution
		HideSolutionNode = FALSE
	EndGlobalSection
	GlobalSection(ProjectConfigurationPlatforms) = postSolution
		{04E0294B-078B-4758-9393-B2C48FCE730F}.Debug|Any CPU.ActiveCfg = Debug|Any CPU
		{04E0294B-078B-4758-9393-B2C48FCE730F}.Debug|Any CPU.Build.0 = Debug|Any CPU
		{04E0294B-078B-4758-9393-B2C48FCE730F}.Release|Any CPU.ActiveCfg = Release|Any CPU
		{04E0294B-078B-4758-9393-B2C48FCE730F}.Release|Any CPU.Build.0 = Release|Any CPU
		{00664C11-DC57-432B-A6EF-677314F3427B}.Debug|Any CPU.ActiveCfg = Debug|Any CPU
		{00664C11-DC57-432B-A6EF-677314F3427B}.Debug|Any CPU.Build.0 = Debug|Any CPU
		{00664C11-DC57-432B-A6EF-677314F3427B}.Release|Any CPU.ActiveCfg = Release|Any CPU
		{00664C11-DC57-432B-A6EF-677314F3427B}.Release|Any CPU.Build.0 = Release|Any CPU
		{E011080E-65B6-4614-B890-05E5E75E8604}.Debug|Any CPU.ActiveCfg = Debug|Any CPU
		{E011080E-65B6-4614-B890-05E5E75E8604}.Debug|Any CPU.Build.0 = Debug|Any CPU
		{E011080E-65B6-4614-B890-05E5E75E8604}.Release|Any CPU.ActiveCfg = Release|Any CPU
		{E011080E-65B6-4614-B890-05E5E75E8604}.Release|Any CPU.Build.0 = Release|Any CPU
		{E532628A-A155-4A23-A44E-51EA052A7591}.Debug|Any CPU.ActiveCfg = Debug|Any CPU
		{E532628A-A155-4A23-A44E-51EA052A7591}.Debug|Any CPU.Build.0 = Debug|Any CPU
		{E532628A-A155-4A23-A44E-51EA052A7591}.Release|Any CPU.ActiveCfg = Release|Any CPU
		{E532628A-A155-4A23-A44E-51EA052A7591}.Release|Any CPU.Build.0 = Release|Any CPU
	EndGlobalSection
EndGlobal
